// !$*UTF8*$!
{
	archiveVersion = 1;
	classes = {
	};
	objectVersion = 56;
	objects = {

/* Begin PBXBuildFile section */
		019B5A772BE37C7100809DB1 /* Task.swift in Sources */ = {isa = PBXBuildFile; fileRef = 019B5A762BE37C7100809DB1 /* Task.swift */; };
		019B5A7B2BE37C9B00809DB1 /* TaskAddView.swift in Sources */ = {isa = PBXBuildFile; fileRef = 019B5A792BE37C9B00809DB1 /* TaskAddView.swift */; };
		019B5A7F2BE37D3900809DB1 /* Color+Extension.swift in Sources */ = {isa = PBXBuildFile; fileRef = 019B5A7E2BE37D3900809DB1 /* Color+Extension.swift */; };
		0459B4DF2BE3F2AB00288A45 /* TabComponent.swift in Sources */ = {isa = PBXBuildFile; fileRef = 0459B4DE2BE3F2AB00288A45 /* TabComponent.swift */; };
		79D86BF12BE512260098D5CA /* GoogleService-Info.plist in Resources */ = {isa = PBXBuildFile; fileRef = 79D86BF02BE512260098D5CA /* GoogleService-Info.plist */; };
		79EB8F1D2BE3551D00CED2CC /* ProjectListView.swift in Sources */ = {isa = PBXBuildFile; fileRef = 79EB8F1C2BE3551D00CED2CC /* ProjectListView.swift */; };
		79EB8F1F2BE3561600CED2CC /* ProjectListItem.swift in Sources */ = {isa = PBXBuildFile; fileRef = 79EB8F1E2BE3561600CED2CC /* ProjectListItem.swift */; };
		BFDB651D2BE38513006D4557 /* AuthenticationViewModel.swift in Sources */ = {isa = PBXBuildFile; fileRef = BFDB651C2BE38513006D4557 /* AuthenticationViewModel.swift */; };
		C2619A182BE1224D00D6AEC2 /* CreateProjectView.swift in Sources */ = {isa = PBXBuildFile; fileRef = C2619A172BE1224D00D6AEC2 /* CreateProjectView.swift */; };
		C2619A1C2BE132C100D6AEC2 /* Project.swift in Sources */ = {isa = PBXBuildFile; fileRef = C2619A1B2BE132C100D6AEC2 /* Project.swift */; };
		C2619A1E2BE133DD00D6AEC2 /* ProjectViewModel.swift in Sources */ = {isa = PBXBuildFile; fileRef = C2619A1D2BE133DD00D6AEC2 /* ProjectViewModel.swift */; };
		C2619A212BE1349200D6AEC2 /* FirebaseFirestore in Frameworks */ = {isa = PBXBuildFile; productRef = C2619A202BE1349200D6AEC2 /* FirebaseFirestore */; };
		C2619A232BE1349200D6AEC2 /* FirebaseFirestoreSwift in Frameworks */ = {isa = PBXBuildFile; productRef = C2619A222BE1349200D6AEC2 /* FirebaseFirestoreSwift */; };
		C26FED8D2BE478A600D74ADF /* MainTabView.swift in Sources */ = {isa = PBXBuildFile; fileRef = C26FED892BE478A600D74ADF /* MainTabView.swift */; };
		C26FED8E2BE478A600D74ADF /* MyPageView.swift in Sources */ = {isa = PBXBuildFile; fileRef = C26FED8A2BE478A600D74ADF /* MyPageView.swift */; };
		C26FED8F2BE478A600D74ADF /* StatusTabView.swift in Sources */ = {isa = PBXBuildFile; fileRef = C26FED8B2BE478A600D74ADF /* StatusTabView.swift */; };
		C26FED922BE478CA00D74ADF /* MockData.swift in Sources */ = {isa = PBXBuildFile; fileRef = C26FED902BE478CA00D74ADF /* MockData.swift */; };
		C284DEB22BE1F9DA0033FDB9 /* GoogleSignIn in Frameworks */ = {isa = PBXBuildFile; productRef = C284DEB12BE1F9DA0033FDB9 /* GoogleSignIn */; };
		C284DEB42BE1F9DA0033FDB9 /* GoogleSignInSwift in Frameworks */ = {isa = PBXBuildFile; productRef = C284DEB32BE1F9DA0033FDB9 /* GoogleSignInSwift */; };
		C284DEB92BE1FA9F0033FDB9 /* FirebaseAuth in Frameworks */ = {isa = PBXBuildFile; productRef = C284DEB82BE1FA9F0033FDB9 /* FirebaseAuth */; };
		C284DEBB2BE1FDA40033FDB9 /* LoginView.swift in Sources */ = {isa = PBXBuildFile; fileRef = C284DEBA2BE1FDA40033FDB9 /* LoginView.swift */; };
		C284DEBD2BE205AC0033FDB9 /* TempView.swift in Sources */ = {isa = PBXBuildFile; fileRef = C284DEBC2BE205AC0033FDB9 /* TempView.swift */; };
		C284DEC02BE21B330033FDB9 /* User.swift in Sources */ = {isa = PBXBuildFile; fileRef = C284DEBF2BE21B330033FDB9 /* User.swift */; };
		C284DEC22BE226EC0033FDB9 /* SearchUserView.swift in Sources */ = {isa = PBXBuildFile; fileRef = C284DEC12BE226EC0033FDB9 /* SearchUserView.swift */; };
		C284DEC42BE27F800033FDB9 /* UserViewModel.swift in Sources */ = {isa = PBXBuildFile; fileRef = C284DEC32BE27F800033FDB9 /* UserViewModel.swift */; };
		C2F242502BE49E3A0094FFF7 /* TaskViewModel.swift in Sources */ = {isa = PBXBuildFile; fileRef = C2F2424F2BE49E3A0094FFF7 /* TaskViewModel.swift */; };
		C2F242522BE4A69F0094FFF7 /* SearchManagerView.swift in Sources */ = {isa = PBXBuildFile; fileRef = C2F242512BE4A69F0094FFF7 /* SearchManagerView.swift */; };
		EB2690F52BE47F0600DC58E5 /* TaskForDetail.swift in Sources */ = {isa = PBXBuildFile; fileRef = EB2690F42BE47F0600DC58E5 /* TaskForDetail.swift */; };
		EB2690F72BE47F3C00DC58E5 /* DetailPageView.swift in Sources */ = {isa = PBXBuildFile; fileRef = EB2690F62BE47F3C00DC58E5 /* DetailPageView.swift */; };
		EBE7803C2BE0E26B009270F6 /* KanbanDoApp.swift in Sources */ = {isa = PBXBuildFile; fileRef = EBE7803B2BE0E26B009270F6 /* KanbanDoApp.swift */; };
		EBE7803E2BE0E26B009270F6 /* ContentView.swift in Sources */ = {isa = PBXBuildFile; fileRef = EBE7803D2BE0E26B009270F6 /* ContentView.swift */; };
		EBE780402BE0E26C009270F6 /* Assets.xcassets in Resources */ = {isa = PBXBuildFile; fileRef = EBE7803F2BE0E26C009270F6 /* Assets.xcassets */; };
		EBE780432BE0E26C009270F6 /* Preview Assets.xcassets in Resources */ = {isa = PBXBuildFile; fileRef = EBE780422BE0E26C009270F6 /* Preview Assets.xcassets */; };
/* End PBXBuildFile section */

/* Begin PBXFileReference section */
		019B5A762BE37C7100809DB1 /* Task.swift */ = {isa = PBXFileReference; fileEncoding = 4; lastKnownFileType = sourcecode.swift; path = Task.swift; sourceTree = "<group>"; };
		019B5A792BE37C9B00809DB1 /* TaskAddView.swift */ = {isa = PBXFileReference; fileEncoding = 4; lastKnownFileType = sourcecode.swift; path = TaskAddView.swift; sourceTree = "<group>"; };
		019B5A7E2BE37D3900809DB1 /* Color+Extension.swift */ = {isa = PBXFileReference; lastKnownFileType = sourcecode.swift; path = "Color+Extension.swift"; sourceTree = "<group>"; };
		0459B4DE2BE3F2AB00288A45 /* TabComponent.swift */ = {isa = PBXFileReference; lastKnownFileType = sourcecode.swift; path = TabComponent.swift; sourceTree = "<group>"; };
		79D86BF02BE512260098D5CA /* GoogleService-Info.plist */ = {isa = PBXFileReference; fileEncoding = 4; lastKnownFileType = text.plist.xml; path = "GoogleService-Info.plist"; sourceTree = "<group>"; };
		79EB8F1C2BE3551D00CED2CC /* ProjectListView.swift */ = {isa = PBXFileReference; lastKnownFileType = sourcecode.swift; path = ProjectListView.swift; sourceTree = "<group>"; };
		79EB8F1E2BE3561600CED2CC /* ProjectListItem.swift */ = {isa = PBXFileReference; lastKnownFileType = sourcecode.swift; path = ProjectListItem.swift; sourceTree = "<group>"; };
		BFDB651C2BE38513006D4557 /* AuthenticationViewModel.swift */ = {isa = PBXFileReference; lastKnownFileType = sourcecode.swift; path = AuthenticationViewModel.swift; sourceTree = "<group>"; };
		C2394C0C2BE31E560060058D /* KanbanDo.entitlements */ = {isa = PBXFileReference; lastKnownFileType = text.plist.entitlements; path = KanbanDo.entitlements; sourceTree = "<group>"; };
		C2619A172BE1224D00D6AEC2 /* CreateProjectView.swift */ = {isa = PBXFileReference; lastKnownFileType = sourcecode.swift; path = CreateProjectView.swift; sourceTree = "<group>"; };
		C2619A1B2BE132C100D6AEC2 /* Project.swift */ = {isa = PBXFileReference; lastKnownFileType = sourcecode.swift; path = Project.swift; sourceTree = "<group>"; };
		C2619A1D2BE133DD00D6AEC2 /* ProjectViewModel.swift */ = {isa = PBXFileReference; lastKnownFileType = sourcecode.swift; path = ProjectViewModel.swift; sourceTree = "<group>"; };
		C2619A262BE135DE00D6AEC2 /* Info.plist */ = {isa = PBXFileReference; lastKnownFileType = text.plist; path = Info.plist; sourceTree = "<group>"; };
		C26FED892BE478A600D74ADF /* MainTabView.swift */ = {isa = PBXFileReference; fileEncoding = 4; lastKnownFileType = sourcecode.swift; path = MainTabView.swift; sourceTree = "<group>"; };
		C26FED8A2BE478A600D74ADF /* MyPageView.swift */ = {isa = PBXFileReference; fileEncoding = 4; lastKnownFileType = sourcecode.swift; path = MyPageView.swift; sourceTree = "<group>"; };
		C26FED8B2BE478A600D74ADF /* StatusTabView.swift */ = {isa = PBXFileReference; fileEncoding = 4; lastKnownFileType = sourcecode.swift; path = StatusTabView.swift; sourceTree = "<group>"; };
		C26FED902BE478CA00D74ADF /* MockData.swift */ = {isa = PBXFileReference; fileEncoding = 4; lastKnownFileType = sourcecode.swift; path = MockData.swift; sourceTree = "<group>"; };
		C284DEBA2BE1FDA40033FDB9 /* LoginView.swift */ = {isa = PBXFileReference; lastKnownFileType = sourcecode.swift; path = LoginView.swift; sourceTree = "<group>"; };
		C284DEBC2BE205AC0033FDB9 /* TempView.swift */ = {isa = PBXFileReference; lastKnownFileType = sourcecode.swift; path = TempView.swift; sourceTree = "<group>"; };
		C284DEBF2BE21B330033FDB9 /* User.swift */ = {isa = PBXFileReference; lastKnownFileType = sourcecode.swift; path = User.swift; sourceTree = "<group>"; };
		C284DEC12BE226EC0033FDB9 /* SearchUserView.swift */ = {isa = PBXFileReference; lastKnownFileType = sourcecode.swift; path = SearchUserView.swift; sourceTree = "<group>"; };
		C284DEC32BE27F800033FDB9 /* UserViewModel.swift */ = {isa = PBXFileReference; lastKnownFileType = sourcecode.swift; path = UserViewModel.swift; sourceTree = "<group>"; };
		C2F2424F2BE49E3A0094FFF7 /* TaskViewModel.swift */ = {isa = PBXFileReference; fileEncoding = 4; lastKnownFileType = sourcecode.swift; path = TaskViewModel.swift; sourceTree = "<group>"; };
		C2F242512BE4A69F0094FFF7 /* SearchManagerView.swift */ = {isa = PBXFileReference; lastKnownFileType = sourcecode.swift; path = SearchManagerView.swift; sourceTree = "<group>"; };
		EB2690F42BE47F0600DC58E5 /* TaskForDetail.swift */ = {isa = PBXFileReference; fileEncoding = 4; lastKnownFileType = sourcecode.swift; name = TaskForDetail.swift; path = KanbanDo/TaskForDetail.swift; sourceTree = SOURCE_ROOT; };
		EB2690F62BE47F3C00DC58E5 /* DetailPageView.swift */ = {isa = PBXFileReference; fileEncoding = 4; lastKnownFileType = sourcecode.swift; name = DetailPageView.swift; path = KanbanDo/DetailPageView.swift; sourceTree = SOURCE_ROOT; };
		EBE780382BE0E26B009270F6 /* KanbanDo.app */ = {isa = PBXFileReference; explicitFileType = wrapper.application; includeInIndex = 0; path = KanbanDo.app; sourceTree = BUILT_PRODUCTS_DIR; };
		EBE7803B2BE0E26B009270F6 /* KanbanDoApp.swift */ = {isa = PBXFileReference; lastKnownFileType = sourcecode.swift; path = KanbanDoApp.swift; sourceTree = "<group>"; };
		EBE7803D2BE0E26B009270F6 /* ContentView.swift */ = {isa = PBXFileReference; lastKnownFileType = sourcecode.swift; path = ContentView.swift; sourceTree = "<group>"; };
		EBE7803F2BE0E26C009270F6 /* Assets.xcassets */ = {isa = PBXFileReference; lastKnownFileType = folder.assetcatalog; path = Assets.xcassets; sourceTree = "<group>"; };
		EBE780422BE0E26C009270F6 /* Preview Assets.xcassets */ = {isa = PBXFileReference; lastKnownFileType = folder.assetcatalog; path = "Preview Assets.xcassets"; sourceTree = "<group>"; };
/* End PBXFileReference section */

/* Begin PBXFrameworksBuildPhase section */
		EBE780352BE0E26B009270F6 /* Frameworks */ = {
			isa = PBXFrameworksBuildPhase;
			buildActionMask = 2147483647;
			files = (
				C2619A212BE1349200D6AEC2 /* FirebaseFirestore in Frameworks */,
				C284DEB92BE1FA9F0033FDB9 /* FirebaseAuth in Frameworks */,
				C2619A232BE1349200D6AEC2 /* FirebaseFirestoreSwift in Frameworks */,
				C284DEB22BE1F9DA0033FDB9 /* GoogleSignIn in Frameworks */,
				C284DEB42BE1F9DA0033FDB9 /* GoogleSignInSwift in Frameworks */,
			);
			runOnlyForDeploymentPostprocessing = 0;
		};
/* End PBXFrameworksBuildPhase section */

/* Begin PBXGroup section */
		019B5A752BE37C2F00809DB1 /* TaskView */ = {
			isa = PBXGroup;
			children = (
				C2F2424F2BE49E3A0094FFF7 /* TaskViewModel.swift */,
				EB2690F62BE47F3C00DC58E5 /* DetailPageView.swift */,
				EB2690F42BE47F0600DC58E5 /* TaskForDetail.swift */,
				019B5A762BE37C7100809DB1 /* Task.swift */,
				019B5A792BE37C9B00809DB1 /* TaskAddView.swift */,
				019B5A7E2BE37D3900809DB1 /* Color+Extension.swift */,
				C2F242512BE4A69F0094FFF7 /* SearchManagerView.swift */,
			);
			path = TaskView;
			sourceTree = "<group>";
		};
		019B5A802BE37DCD00809DB1 /* View */ = {
			isa = PBXGroup;
			children = (
				C26FED8C2BE478A600D74ADF /* MainTabView */,
				019B5A752BE37C2F00809DB1 /* TaskView */,
			);
			path = View;
			sourceTree = "<group>";
		};
		0459B4DD2BE3F2AB00288A45 /* Components */ = {
			isa = PBXGroup;
			children = (
				0459B4DE2BE3F2AB00288A45 /* TabComponent.swift */,
			);
			name = Components;
			path = CreateProject/Components;
			sourceTree = "<group>";
		};
		79EB8F1B2BE3550F00CED2CC /* ProjectList */ = {
			isa = PBXGroup;
			children = (
				79EB8F1C2BE3551D00CED2CC /* ProjectListView.swift */,
				79EB8F1E2BE3561600CED2CC /* ProjectListItem.swift */,
			);
			path = ProjectList;
			sourceTree = "<group>";
		};
		C2619A162BE1210B00D6AEC2 /* CreateProject */ = {
			isa = PBXGroup;
			children = (
				C2619A172BE1224D00D6AEC2 /* CreateProjectView.swift */,
			);
			path = CreateProject;
			sourceTree = "<group>";
		};
		C26FED8C2BE478A600D74ADF /* MainTabView */ = {
			isa = PBXGroup;
			children = (
				C26FED892BE478A600D74ADF /* MainTabView.swift */,
				C26FED8A2BE478A600D74ADF /* MyPageView.swift */,
				C26FED8B2BE478A600D74ADF /* StatusTabView.swift */,
			);
			path = MainTabView;
			sourceTree = "<group>";
		};
		C26FED912BE478CA00D74ADF /* Mock */ = {
			isa = PBXGroup;
			children = (
				C26FED902BE478CA00D74ADF /* MockData.swift */,
			);
			path = Mock;
			sourceTree = "<group>";
		};
		C284DEB52BE1FA2E0033FDB9 /* Authentication */ = {
			isa = PBXGroup;
			children = (
				C284DEBA2BE1FDA40033FDB9 /* LoginView.swift */,
				C284DEBF2BE21B330033FDB9 /* User.swift */,
				C284DEC12BE226EC0033FDB9 /* SearchUserView.swift */,
				C284DEC32BE27F800033FDB9 /* UserViewModel.swift */,
				BFDB651C2BE38513006D4557 /* AuthenticationViewModel.swift */,
			);
			path = Authentication;
			sourceTree = "<group>";
		};
		C284DEBE2BE20B6A0033FDB9 /* Project */ = {
			isa = PBXGroup;
			children = (
				C2619A1B2BE132C100D6AEC2 /* Project.swift */,
				C2619A1D2BE133DD00D6AEC2 /* ProjectViewModel.swift */,
			);
			path = Project;
			sourceTree = "<group>";
		};
		EBE7802F2BE0E26B009270F6 = {
			isa = PBXGroup;
			children = (
				EBE7803A2BE0E26B009270F6 /* KanbanDo */,
				EBE780392BE0E26B009270F6 /* Products */,
			);
			sourceTree = "<group>";
		};
		EBE780392BE0E26B009270F6 /* Products */ = {
			isa = PBXGroup;
			children = (
				EBE780382BE0E26B009270F6 /* KanbanDo.app */,
			);
			name = Products;
			sourceTree = "<group>";
		};
		EBE7803A2BE0E26B009270F6 /* KanbanDo */ = {
			isa = PBXGroup;
			children = (
				79EB8F1B2BE3550F00CED2CC /* ProjectList */,
				C2394C0C2BE31E560060058D /* KanbanDo.entitlements */,
				C2619A262BE135DE00D6AEC2 /* Info.plist */,
				EBE7803B2BE0E26B009270F6 /* KanbanDoApp.swift */,
				EBE7803D2BE0E26B009270F6 /* ContentView.swift */,
				C284DEBC2BE205AC0033FDB9 /* TempView.swift */,
				C26FED912BE478CA00D74ADF /* Mock */,
				0459B4DD2BE3F2AB00288A45 /* Components */,
				C284DEB52BE1FA2E0033FDB9 /* Authentication */,
				C2619A162BE1210B00D6AEC2 /* CreateProject */,
				C284DEBE2BE20B6A0033FDB9 /* Project */,
				019B5A802BE37DCD00809DB1 /* View */,
				EBE7803F2BE0E26C009270F6 /* Assets.xcassets */,
				79D86BF02BE512260098D5CA /* GoogleService-Info.plist */,
				EBE780412BE0E26C009270F6 /* Preview Content */,
			);
			path = KanbanDo;
			sourceTree = "<group>";
		};
		EBE780412BE0E26C009270F6 /* Preview Content */ = {
			isa = PBXGroup;
			children = (
				EBE780422BE0E26C009270F6 /* Preview Assets.xcassets */,
			);
			path = "Preview Content";
			sourceTree = "<group>";
		};
/* End PBXGroup section */

/* Begin PBXNativeTarget section */
		EBE780372BE0E26B009270F6 /* KanbanDo */ = {
			isa = PBXNativeTarget;
			buildConfigurationList = EBE780462BE0E26C009270F6 /* Build configuration list for PBXNativeTarget "KanbanDo" */;
			buildPhases = (
				EBE780342BE0E26B009270F6 /* Sources */,
				EBE780352BE0E26B009270F6 /* Frameworks */,
				EBE780362BE0E26B009270F6 /* Resources */,
			);
			buildRules = (
			);
			dependencies = (
			);
			name = KanbanDo;
			packageProductDependencies = (
				C2619A202BE1349200D6AEC2 /* FirebaseFirestore */,
				C2619A222BE1349200D6AEC2 /* FirebaseFirestoreSwift */,
				C284DEB12BE1F9DA0033FDB9 /* GoogleSignIn */,
				C284DEB32BE1F9DA0033FDB9 /* GoogleSignInSwift */,
				C284DEB82BE1FA9F0033FDB9 /* FirebaseAuth */,
			);
			productName = KanbanDo;
			productReference = EBE780382BE0E26B009270F6 /* KanbanDo.app */;
			productType = "com.apple.product-type.application";
		};
/* End PBXNativeTarget section */

/* Begin PBXProject section */
		EBE780302BE0E26B009270F6 /* Project object */ = {
			isa = PBXProject;
			attributes = {
				BuildIndependentTargetsInParallel = 1;
				LastSwiftUpdateCheck = 1530;
				LastUpgradeCheck = 1530;
				TargetAttributes = {
					EBE780372BE0E26B009270F6 = {
						CreatedOnToolsVersion = 15.3;
					};
				};
			};
			buildConfigurationList = EBE780332BE0E26B009270F6 /* Build configuration list for PBXProject "KanbanDo" */;
			compatibilityVersion = "Xcode 14.0";
			developmentRegion = ko;
			hasScannedForEncodings = 0;
			knownRegions = (
				en,
				Base,
				ko,
			);
			mainGroup = EBE7802F2BE0E26B009270F6;
			packageReferences = (
				C2619A1F2BE1349200D6AEC2 /* XCRemoteSwiftPackageReference "firebase-ios-sdk" */,
				C284DEB02BE1F9DA0033FDB9 /* XCRemoteSwiftPackageReference "GoogleSignIn-iOS" */,
			);
			productRefGroup = EBE780392BE0E26B009270F6 /* Products */;
			projectDirPath = "";
			projectRoot = "";
			targets = (
				EBE780372BE0E26B009270F6 /* KanbanDo */,
			);
		};
/* End PBXProject section */

/* Begin PBXResourcesBuildPhase section */
		EBE780362BE0E26B009270F6 /* Resources */ = {
			isa = PBXResourcesBuildPhase;
			buildActionMask = 2147483647;
			files = (
				EBE780432BE0E26C009270F6 /* Preview Assets.xcassets in Resources */,
				79D86BF12BE512260098D5CA /* GoogleService-Info.plist in Resources */,
				EBE780402BE0E26C009270F6 /* Assets.xcassets in Resources */,
			);
			runOnlyForDeploymentPostprocessing = 0;
		};
/* End PBXResourcesBuildPhase section */

/* Begin PBXSourcesBuildPhase section */
		EBE780342BE0E26B009270F6 /* Sources */ = {
			isa = PBXSourcesBuildPhase;
			buildActionMask = 2147483647;
			files = (
				019B5A7F2BE37D3900809DB1 /* Color+Extension.swift in Sources */,
				C284DEC42BE27F800033FDB9 /* UserViewModel.swift in Sources */,
				EB2690F52BE47F0600DC58E5 /* TaskForDetail.swift in Sources */,
				BFDB651D2BE38513006D4557 /* AuthenticationViewModel.swift in Sources */,
				019B5A7B2BE37C9B00809DB1 /* TaskAddView.swift in Sources */,
				C26FED8D2BE478A600D74ADF /* MainTabView.swift in Sources */,
				C2619A1E2BE133DD00D6AEC2 /* ProjectViewModel.swift in Sources */,
				EB2690F72BE47F3C00DC58E5 /* DetailPageView.swift in Sources */,
				C284DEBD2BE205AC0033FDB9 /* TempView.swift in Sources */,
				C2619A182BE1224D00D6AEC2 /* CreateProjectView.swift in Sources */,
				C284DEBB2BE1FDA40033FDB9 /* LoginView.swift in Sources */,
				C284DEC02BE21B330033FDB9 /* User.swift in Sources */,
				EBE7803E2BE0E26B009270F6 /* ContentView.swift in Sources */,
				C2F242502BE49E3A0094FFF7 /* TaskViewModel.swift in Sources */,
				79EB8F1D2BE3551D00CED2CC /* ProjectListView.swift in Sources */,
				79EB8F1F2BE3561600CED2CC /* ProjectListItem.swift in Sources */,
				C2F242522BE4A69F0094FFF7 /* SearchManagerView.swift in Sources */,
				C284DEC22BE226EC0033FDB9 /* SearchUserView.swift in Sources */,
				C26FED8F2BE478A600D74ADF /* StatusTabView.swift in Sources */,
				EBE7803C2BE0E26B009270F6 /* KanbanDoApp.swift in Sources */,
				019B5A772BE37C7100809DB1 /* Task.swift in Sources */,
				C26FED8E2BE478A600D74ADF /* MyPageView.swift in Sources */,
				C2619A1C2BE132C100D6AEC2 /* Project.swift in Sources */,
				C26FED922BE478CA00D74ADF /* MockData.swift in Sources */,
				0459B4DF2BE3F2AB00288A45 /* TabComponent.swift in Sources */,
			);
			runOnlyForDeploymentPostprocessing = 0;
		};
/* End PBXSourcesBuildPhase section */

/* Begin XCBuildConfiguration section */
		EBE780442BE0E26C009270F6 /* Debug */ = {
			isa = XCBuildConfiguration;
			buildSettings = {
				ALWAYS_SEARCH_USER_PATHS = NO;
				ASSETCATALOG_COMPILER_GENERATE_SWIFT_ASSET_SYMBOL_EXTENSIONS = YES;
				CLANG_ANALYZER_NONNULL = YES;
				CLANG_ANALYZER_NUMBER_OBJECT_CONVERSION = YES_AGGRESSIVE;
				CLANG_CXX_LANGUAGE_STANDARD = "gnu++20";
				CLANG_ENABLE_MODULES = YES;
				CLANG_ENABLE_OBJC_ARC = YES;
				CLANG_ENABLE_OBJC_WEAK = YES;
				CLANG_WARN_BLOCK_CAPTURE_AUTORELEASING = YES;
				CLANG_WARN_BOOL_CONVERSION = YES;
				CLANG_WARN_COMMA = YES;
				CLANG_WARN_CONSTANT_CONVERSION = YES;
				CLANG_WARN_DEPRECATED_OBJC_IMPLEMENTATIONS = YES;
				CLANG_WARN_DIRECT_OBJC_ISA_USAGE = YES_ERROR;
				CLANG_WARN_DOCUMENTATION_COMMENTS = YES;
				CLANG_WARN_EMPTY_BODY = YES;
				CLANG_WARN_ENUM_CONVERSION = YES;
				CLANG_WARN_INFINITE_RECURSION = YES;
				CLANG_WARN_INT_CONVERSION = YES;
				CLANG_WARN_NON_LITERAL_NULL_CONVERSION = YES;
				CLANG_WARN_OBJC_IMPLICIT_RETAIN_SELF = YES;
				CLANG_WARN_OBJC_LITERAL_CONVERSION = YES;
				CLANG_WARN_OBJC_ROOT_CLASS = YES_ERROR;
				CLANG_WARN_QUOTED_INCLUDE_IN_FRAMEWORK_HEADER = YES;
				CLANG_WARN_RANGE_LOOP_ANALYSIS = YES;
				CLANG_WARN_STRICT_PROTOTYPES = YES;
				CLANG_WARN_SUSPICIOUS_MOVE = YES;
				CLANG_WARN_UNGUARDED_AVAILABILITY = YES_AGGRESSIVE;
				CLANG_WARN_UNREACHABLE_CODE = YES;
				CLANG_WARN__DUPLICATE_METHOD_MATCH = YES;
				COPY_PHASE_STRIP = NO;
				DEBUG_INFORMATION_FORMAT = dwarf;
				ENABLE_STRICT_OBJC_MSGSEND = YES;
				ENABLE_TESTABILITY = YES;
				ENABLE_USER_SCRIPT_SANDBOXING = YES;
				GCC_C_LANGUAGE_STANDARD = gnu17;
				GCC_DYNAMIC_NO_PIC = NO;
				GCC_NO_COMMON_BLOCKS = YES;
				GCC_OPTIMIZATION_LEVEL = 0;
				GCC_PREPROCESSOR_DEFINITIONS = (
					"DEBUG=1",
					"$(inherited)",
				);
				GCC_WARN_64_TO_32_BIT_CONVERSION = YES;
				GCC_WARN_ABOUT_RETURN_TYPE = YES_ERROR;
				GCC_WARN_UNDECLARED_SELECTOR = YES;
				GCC_WARN_UNINITIALIZED_AUTOS = YES_AGGRESSIVE;
				GCC_WARN_UNUSED_FUNCTION = YES;
				GCC_WARN_UNUSED_VARIABLE = YES;
				IPHONEOS_DEPLOYMENT_TARGET = 17.4;
				LOCALIZATION_PREFERS_STRING_CATALOGS = YES;
				MTL_ENABLE_DEBUG_INFO = INCLUDE_SOURCE;
				MTL_FAST_MATH = YES;
				ONLY_ACTIVE_ARCH = YES;
				SDKROOT = iphoneos;
				SWIFT_ACTIVE_COMPILATION_CONDITIONS = "DEBUG $(inherited)";
				SWIFT_OPTIMIZATION_LEVEL = "-Onone";
			};
			name = Debug;
		};
		EBE780452BE0E26C009270F6 /* Release */ = {
			isa = XCBuildConfiguration;
			buildSettings = {
				ALWAYS_SEARCH_USER_PATHS = NO;
				ASSETCATALOG_COMPILER_GENERATE_SWIFT_ASSET_SYMBOL_EXTENSIONS = YES;
				CLANG_ANALYZER_NONNULL = YES;
				CLANG_ANALYZER_NUMBER_OBJECT_CONVERSION = YES_AGGRESSIVE;
				CLANG_CXX_LANGUAGE_STANDARD = "gnu++20";
				CLANG_ENABLE_MODULES = YES;
				CLANG_ENABLE_OBJC_ARC = YES;
				CLANG_ENABLE_OBJC_WEAK = YES;
				CLANG_WARN_BLOCK_CAPTURE_AUTORELEASING = YES;
				CLANG_WARN_BOOL_CONVERSION = YES;
				CLANG_WARN_COMMA = YES;
				CLANG_WARN_CONSTANT_CONVERSION = YES;
				CLANG_WARN_DEPRECATED_OBJC_IMPLEMENTATIONS = YES;
				CLANG_WARN_DIRECT_OBJC_ISA_USAGE = YES_ERROR;
				CLANG_WARN_DOCUMENTATION_COMMENTS = YES;
				CLANG_WARN_EMPTY_BODY = YES;
				CLANG_WARN_ENUM_CONVERSION = YES;
				CLANG_WARN_INFINITE_RECURSION = YES;
				CLANG_WARN_INT_CONVERSION = YES;
				CLANG_WARN_NON_LITERAL_NULL_CONVERSION = YES;
				CLANG_WARN_OBJC_IMPLICIT_RETAIN_SELF = YES;
				CLANG_WARN_OBJC_LITERAL_CONVERSION = YES;
				CLANG_WARN_OBJC_ROOT_CLASS = YES_ERROR;
				CLANG_WARN_QUOTED_INCLUDE_IN_FRAMEWORK_HEADER = YES;
				CLANG_WARN_RANGE_LOOP_ANALYSIS = YES;
				CLANG_WARN_STRICT_PROTOTYPES = YES;
				CLANG_WARN_SUSPICIOUS_MOVE = YES;
				CLANG_WARN_UNGUARDED_AVAILABILITY = YES_AGGRESSIVE;
				CLANG_WARN_UNREACHABLE_CODE = YES;
				CLANG_WARN__DUPLICATE_METHOD_MATCH = YES;
				COPY_PHASE_STRIP = NO;
				DEBUG_INFORMATION_FORMAT = "dwarf-with-dsym";
				ENABLE_NS_ASSERTIONS = NO;
				ENABLE_STRICT_OBJC_MSGSEND = YES;
				ENABLE_USER_SCRIPT_SANDBOXING = YES;
				GCC_C_LANGUAGE_STANDARD = gnu17;
				GCC_NO_COMMON_BLOCKS = YES;
				GCC_WARN_64_TO_32_BIT_CONVERSION = YES;
				GCC_WARN_ABOUT_RETURN_TYPE = YES_ERROR;
				GCC_WARN_UNDECLARED_SELECTOR = YES;
				GCC_WARN_UNINITIALIZED_AUTOS = YES_AGGRESSIVE;
				GCC_WARN_UNUSED_FUNCTION = YES;
				GCC_WARN_UNUSED_VARIABLE = YES;
				IPHONEOS_DEPLOYMENT_TARGET = 17.4;
				LOCALIZATION_PREFERS_STRING_CATALOGS = YES;
				MTL_ENABLE_DEBUG_INFO = NO;
				MTL_FAST_MATH = YES;
				SDKROOT = iphoneos;
				SWIFT_COMPILATION_MODE = wholemodule;
				VALIDATE_PRODUCT = YES;
			};
			name = Release;
		};
		EBE780472BE0E26C009270F6 /* Debug */ = {
			isa = XCBuildConfiguration;
			buildSettings = {
				ASSETCATALOG_COMPILER_APPICON_NAME = AppIcon;
				ASSETCATALOG_COMPILER_GLOBAL_ACCENT_COLOR_NAME = AccentColor;
				CODE_SIGN_ENTITLEMENTS = KanbanDo/KanbanDo.entitlements;
				CODE_SIGN_IDENTITY = "Apple Development";
				CODE_SIGN_STYLE = Automatic;
				CURRENT_PROJECT_VERSION = 1;
				DEVELOPMENT_ASSET_PATHS = "\"KanbanDo/Preview Content\"";
				DEVELOPMENT_TEAM = 4C5QZ5DXV6;
				ENABLE_PREVIEWS = YES;
				GENERATE_INFOPLIST_FILE = YES;
				INFOPLIST_FILE = KanbanDo/Info.plist;
				INFOPLIST_KEY_UIApplicationSceneManifest_Generation = YES;
				INFOPLIST_KEY_UIApplicationSupportsIndirectInputEvents = YES;
				INFOPLIST_KEY_UILaunchScreen_Generation = YES;
				INFOPLIST_KEY_UISupportedInterfaceOrientations_iPad = "UIInterfaceOrientationPortrait UIInterfaceOrientationPortraitUpsideDown UIInterfaceOrientationLandscapeLeft UIInterfaceOrientationLandscapeRight";
				INFOPLIST_KEY_UISupportedInterfaceOrientations_iPhone = "UIInterfaceOrientationPortrait UIInterfaceOrientationLandscapeLeft UIInterfaceOrientationLandscapeRight";
				LD_RUNPATH_SEARCH_PATHS = (
					"$(inherited)",
					"@executable_path/Frameworks",
				);
				MARKETING_VERSION = 1.0;
				PRODUCT_BUNDLE_IDENTIFIER = hwangseunghye.KanbanDo;
				PRODUCT_NAME = "$(TARGET_NAME)";
				PROVISIONING_PROFILE_SPECIFIER = "";
				SWIFT_EMIT_LOC_STRINGS = YES;
				SWIFT_VERSION = 5.0;
				TARGETED_DEVICE_FAMILY = "1,2";
			};
			name = Debug;
		};
		EBE780482BE0E26C009270F6 /* Release */ = {
			isa = XCBuildConfiguration;
			buildSettings = {
				ASSETCATALOG_COMPILER_APPICON_NAME = AppIcon;
				ASSETCATALOG_COMPILER_GLOBAL_ACCENT_COLOR_NAME = AccentColor;
				CODE_SIGN_ENTITLEMENTS = KanbanDo/KanbanDo.entitlements;
				CODE_SIGN_IDENTITY = "Apple Development";
				CODE_SIGN_STYLE = Automatic;
				CURRENT_PROJECT_VERSION = 1;
				DEVELOPMENT_ASSET_PATHS = "\"KanbanDo/Preview Content\"";
				DEVELOPMENT_TEAM = "";
				ENABLE_PREVIEWS = YES;
				GENERATE_INFOPLIST_FILE = YES;
				INFOPLIST_FILE = KanbanDo/Info.plist;
				INFOPLIST_KEY_UIApplicationSceneManifest_Generation = YES;
				INFOPLIST_KEY_UIApplicationSupportsIndirectInputEvents = YES;
				INFOPLIST_KEY_UILaunchScreen_Generation = YES;
				INFOPLIST_KEY_UISupportedInterfaceOrientations_iPad = "UIInterfaceOrientationPortrait UIInterfaceOrientationPortraitUpsideDown UIInterfaceOrientationLandscapeLeft UIInterfaceOrientationLandscapeRight";
				INFOPLIST_KEY_UISupportedInterfaceOrientations_iPhone = "UIInterfaceOrientationPortrait UIInterfaceOrientationLandscapeLeft UIInterfaceOrientationLandscapeRight";
				LD_RUNPATH_SEARCH_PATHS = (
					"$(inherited)",
					"@executable_path/Frameworks",
				);
				MARKETING_VERSION = 1.0;
				PRODUCT_BUNDLE_IDENTIFIER = hwangseunghye.KanbanDo;
				PRODUCT_NAME = "$(TARGET_NAME)";
				PROVISIONING_PROFILE_SPECIFIER = "";
				SWIFT_EMIT_LOC_STRINGS = YES;
				SWIFT_VERSION = 5.0;
				TARGETED_DEVICE_FAMILY = "1,2";
			};
			name = Release;
		};
/* End XCBuildConfiguration section */

/* Begin XCConfigurationList section */
		EBE780332BE0E26B009270F6 /* Build configuration list for PBXProject "KanbanDo" */ = {
			isa = XCConfigurationList;
			buildConfigurations = (
				EBE780442BE0E26C009270F6 /* Debug */,
				EBE780452BE0E26C009270F6 /* Release */,
			);
			defaultConfigurationIsVisible = 0;
			defaultConfigurationName = Release;
		};
		EBE780462BE0E26C009270F6 /* Build configuration list for PBXNativeTarget "KanbanDo" */ = {
			isa = XCConfigurationList;
			buildConfigurations = (
				EBE780472BE0E26C009270F6 /* Debug */,
				EBE780482BE0E26C009270F6 /* Release */,
			);
			defaultConfigurationIsVisible = 0;
			defaultConfigurationName = Release;
		};
/* End XCConfigurationList section */

/* Begin XCRemoteSwiftPackageReference section */
		C2619A1F2BE1349200D6AEC2 /* XCRemoteSwiftPackageReference "firebase-ios-sdk" */ = {
			isa = XCRemoteSwiftPackageReference;
			repositoryURL = "https://github.com/firebase/firebase-ios-sdk.git";
			requirement = {
				kind = upToNextMajorVersion;
				minimumVersion = 10.24.0;
			};
		};
		C284DEB02BE1F9DA0033FDB9 /* XCRemoteSwiftPackageReference "GoogleSignIn-iOS" */ = {
			isa = XCRemoteSwiftPackageReference;
			repositoryURL = "https://github.com/google/GoogleSignIn-iOS";
			requirement = {
				kind = upToNextMajorVersion;
				minimumVersion = 7.1.0;
			};
		};
/* End XCRemoteSwiftPackageReference section */

/* Begin XCSwiftPackageProductDependency section */
		C2619A202BE1349200D6AEC2 /* FirebaseFirestore */ = {
			isa = XCSwiftPackageProductDependency;
			package = C2619A1F2BE1349200D6AEC2 /* XCRemoteSwiftPackageReference "firebase-ios-sdk" */;
			productName = FirebaseFirestore;
		};
		C2619A222BE1349200D6AEC2 /* FirebaseFirestoreSwift */ = {
			isa = XCSwiftPackageProductDependency;
			package = C2619A1F2BE1349200D6AEC2 /* XCRemoteSwiftPackageReference "firebase-ios-sdk" */;
			productName = FirebaseFirestoreSwift;
		};
		C284DEB12BE1F9DA0033FDB9 /* GoogleSignIn */ = {
			isa = XCSwiftPackageProductDependency;
			package = C284DEB02BE1F9DA0033FDB9 /* XCRemoteSwiftPackageReference "GoogleSignIn-iOS" */;
			productName = GoogleSignIn;
		};
		C284DEB32BE1F9DA0033FDB9 /* GoogleSignInSwift */ = {
			isa = XCSwiftPackageProductDependency;
			package = C284DEB02BE1F9DA0033FDB9 /* XCRemoteSwiftPackageReference "GoogleSignIn-iOS" */;
			productName = GoogleSignInSwift;
		};
		C284DEB82BE1FA9F0033FDB9 /* FirebaseAuth */ = {
			isa = XCSwiftPackageProductDependency;
			package = C2619A1F2BE1349200D6AEC2 /* XCRemoteSwiftPackageReference "firebase-ios-sdk" */;
			productName = FirebaseAuth;
		};
/* End XCSwiftPackageProductDependency section */
	};
	rootObject = EBE780302BE0E26B009270F6 /* Project object */;
}
